
Microsoft Visual Studio Solution File, Format Version 12.00
# Visual Studio Version 16
VisualStudioVersion = 16.0.30330.147
MinimumVisualStudioVersion = 10.0.40219.1
Project("{9A19103F-16F7-4668-BE54-9A1E7A4F7556}") = "ShoppingCartUI", "ShoppingCartUI\ShoppingCartUI.csproj", "{D4ABABB1-1B4A-4B80-91C3-0329955EF450}"
EndProject
Project("{9A19103F-16F7-4668-BE54-9A1E7A4F7556}") = "ClassLibrary", "ClassLibrary\ClassLibrary.csproj", "{4D1AA79A-8DF3-4D8F-A8DD-BCA60E1D3826}"
EndProject
Project("{9A19103F-16F7-4668-BE54-9A1E7A4F7556}") = "DataSource", "DataAccess\DataSource.csproj", "{C30A62A9-DF5F-480E-A1E6-E387FDE2F7D2}"
EndProject
Project("{FAE04EC0-301F-11D3-BF4B-00C04F79EFBC}") = "ShoppingCartTest", "ShoppingCartTest\ShoppingCartTest.csproj", "{4C7EE1D0-167B-4FBE-B1C8-7D576955C0D7}"
EndProject
Global
	GlobalSection(SolutionConfigurationPlatforms) = preSolution
		Debug|Any CPU = Debug|Any CPU
		Release|Any CPU = Release|Any CPU
	EndGlobalSection
	GlobalSection(ProjectConfigurationPlatforms) = postSolution
		{D4ABABB1-1B4A-4B80-91C3-0329955EF450}.Debug|Any CPU.ActiveCfg = Debug|Any CPU
		{D4ABABB1-1B4A-4B80-91C3-0329955EF450}.Debug|Any CPU.Build.0 = Debug|Any CPU
		{D4ABABB1-1B4A-4B80-91C3-0329955EF450}.Release|Any CPU.ActiveCfg = Release|Any CPU
		{D4ABABB1-1B4A-4B80-91C3-0329955EF450}.Release|Any CPU.Build.0 = Release|Any CPU
		{4D1AA79A-8DF3-4D8F-A8DD-BCA60E1D3826}.Debug|Any CPU.ActiveCfg = Debug|Any CPU
		{4D1AA79A-8DF3-4D8F-A8DD-BCA60E1D3826}.Debug|Any CPU.Build.0 = Debug|Any CPU
		{4D1AA79A-8DF3-4D8F-A8DD-BCA60E1D3826}.Release|Any CPU.ActiveCfg = Release|Any CPU
		{4D1AA79A-8DF3-4D8F-A8DD-BCA60E1D3826}.Release|Any CPU.Build.0 = Release|Any CPU
		{C30A62A9-DF5F-480E-A1E6-E387FDE2F7D2}.Debug|Any CPU.ActiveCfg = Debug|Any CPU
		{C30A62A9-DF5F-480E-A1E6-E387FDE2F7D2}.Debug|Any CPU.Build.0 = Debug|Any CPU
		{C30A62A9-DF5F-480E-A1E6-E387FDE2F7D2}.Release|Any CPU.ActiveCfg = Release|Any CPU
		{C30A62A9-DF5F-480E-A1E6-E387FDE2F7D2}.Release|Any CPU.Build.0 = Release|Any CPU
		{4C7EE1D0-167B-4FBE-B1C8-7D576955C0D7}.Debug|Any CPU.ActiveCfg = Debug|Any CPU
		{4C7EE1D0-167B-4FBE-B1C8-7D576955C0D7}.Debug|Any CPU.Build.0 = Debug|Any CPU
		{4C7EE1D0-167B-4FBE-B1C8-7D576955C0D7}.Release|Any CPU.ActiveCfg = Release|Any CPU
		{4C7EE1D0-167B-4FBE-B1C8-7D576955C0D7}.Release|Any CPU.Build.0 = Release|Any CPU
	EndGlobalSection
	GlobalSection(SolutionProperties) = preSolution
		HideSolutionNode = FALSE
	EndGlobalSection
	GlobalSection(ExtensibilityGlobals) = postSolution
		SolutionGuid = {0BFE8666-F6A2-4097-B5DD-DA9A1C5BFEA1}
	EndGlobalSection
EndGlobal
